
Microsoft Visual Studio Solution File, Format Version 12.00
# Visual Studio Version 16
VisualStudioVersion = 16.0.31829.152
MinimumVisualStudioVersion = 10.0.40219.1
Project("{8BC9CEB8-8B4A-11D0-8D11-00A0C91BC942}") = "oop_lab_6.1", "oop_lab_6.1.vcxproj", "{7E91E4EA-518D-4A31-BD71-D3CB4A6D2ABB}"
EndProject
Project("{8BC9CEB8-8B4A-11D0-8D11-00A0C91BC942}") = "UnitTest1", "..\UnitTest1\UnitTest1.vcxproj", "{CCAAD938-B494-4AFD-8469-740F3031FBCA}"
EndProject
Global
	GlobalSection(SolutionConfigurationPlatforms) = preSolution
		Debug|x64 = Debug|x64
		Debug|x86 = Debug|x86
		Release|x64 = Release|x64
		Release|x86 = Release|x86
	EndGlobalSection
	GlobalSection(ProjectConfigurationPlatforms) = postSolution
		{7E91E4EA-518D-4A31-BD71-D3CB4A6D2ABB}.Debug|x64.ActiveCfg = Debug|x64
		{7E91E4EA-518D-4A31-BD71-D3CB4A6D2ABB}.Debug|x64.Build.0 = Debug|x64
		{7E91E4EA-518D-4A31-BD71-D3CB4A6D2ABB}.Debug|x86.ActiveCfg = Debug|Win32
		{7E91E4EA-518D-4A31-BD71-D3CB4A6D2ABB}.Debug|x86.Build.0 = Debug|Win32
		{7E91E4EA-518D-4A31-BD71-D3CB4A6D2ABB}.Release|x64.ActiveCfg = Release|x64
		{7E91E4EA-518D-4A31-BD71-D3CB4A6D2ABB}.Release|x64.Build.0 = Release|x64
		{7E91E4EA-518D-4A31-BD71-D3CB4A6D2ABB}.Release|x86.ActiveCfg = Release|Win32
		{7E91E4EA-518D-4A31-BD71-D3CB4A6D2ABB}.Release|x86.Build.0 = Release|Win32
		{CCAAD938-B494-4AFD-8469-740F3031FBCA}.Debug|x64.ActiveCfg = Debug|x64
		{CCAAD938-B494-4AFD-8469-740F3031FBCA}.Debug|x64.Build.0 = Debug|x64
		{CCAAD938-B494-4AFD-8469-740F3031FBCA}.Debug|x86.ActiveCfg = Debug|Win32
		{CCAAD938-B494-4AFD-8469-740F3031FBCA}.Debug|x86.Build.0 = Debug|Win32
		{CCAAD938-B494-4AFD-8469-740F3031FBCA}.Release|x64.ActiveCfg = Release|x64
		{CCAAD938-B494-4AFD-8469-740F3031FBCA}.Release|x64.Build.0 = Release|x64
		{CCAAD938-B494-4AFD-8469-740F3031FBCA}.Release|x86.ActiveCfg = Release|Win32
		{CCAAD938-B494-4AFD-8469-740F3031FBCA}.Release|x86.Build.0 = Release|Win32
	EndGlobalSection
	GlobalSection(SolutionProperties) = preSolution
		HideSolutionNode = FALSE
	EndGlobalSection
	GlobalSection(ExtensibilityGlobals) = postSolution
		SolutionGuid = {8D0D267F-FACB-4F27-AAE6-FD53292FEFF1}
	EndGlobalSection
EndGlobal
